
Microsoft Visual Studio Solution File, Format Version 11.00
# Visual Studio 2010
Project("{FAE04EC0-301F-11D3-BF4B-00C04F79EFBC}") = "Assembly-CSharp", "Assembly-CSharp.csproj", "{60e0239d-f958-4a62-e1fe-8788d3b1ee6b}"
EndProject
Project("{FAE04EC0-301F-11D3-BF4B-00C04F79EFBC}") = "Assembly-CSharp-Editor", "Assembly-CSharp-Editor.csproj", "{d7c9f7c3-24d6-76df-1be1-2bcfe3ba094f}"
EndProject
Global
	GlobalSection(SolutionConfigurationPlatforms) = preSolution
		Debug|Any CPU = Debug|Any CPU
	EndGlobalSection
	GlobalSection(ProjectConfigurationPlatforms) = postSolution
		{60e0239d-f958-4a62-e1fe-8788d3b1ee6b}.Debug|Any CPU.ActiveCfg = Debug|Any CPU
		{60e0239d-f958-4a62-e1fe-8788d3b1ee6b}.Debug|Any CPU.Build.0 = Debug|Any CPU
		{d7c9f7c3-24d6-76df-1be1-2bcfe3ba094f}.Debug|Any CPU.ActiveCfg = Debug|Any CPU
		{d7c9f7c3-24d6-76df-1be1-2bcfe3ba094f}.Debug|Any CPU.Build.0 = Debug|Any CPU
	EndGlobalSection
	GlobalSection(SolutionProperties) = preSolution
		HideSolutionNode = FALSE
	EndGlobalSection
EndGlobal
