
Microsoft Visual Studio Solution File, Format Version 11.00
# Visual Studio 2010
Project("{FAE04EC0-301F-11D3-BF4B-00C04F79EFBC}") = "Assembly-CSharp", "Assembly-CSharp.csproj", "{f3a8f762-4069-e9cb-5976-625f251f628c}"
EndProject
Project("{FAE04EC0-301F-11D3-BF4B-00C04F79EFBC}") = "Assembly-CSharp-Editor", "Assembly-CSharp-Editor.csproj", "{def99725-3bec-38eb-56fe-e77e518b4fc7}"
EndProject
Global
	GlobalSection(SolutionConfigurationPlatforms) = preSolution
		Debug|Any CPU = Debug|Any CPU
	EndGlobalSection
	GlobalSection(ProjectConfigurationPlatforms) = postSolution
		{f3a8f762-4069-e9cb-5976-625f251f628c}.Debug|Any CPU.ActiveCfg = Debug|Any CPU
		{f3a8f762-4069-e9cb-5976-625f251f628c}.Debug|Any CPU.Build.0 = Debug|Any CPU
		{def99725-3bec-38eb-56fe-e77e518b4fc7}.Debug|Any CPU.ActiveCfg = Debug|Any CPU
		{def99725-3bec-38eb-56fe-e77e518b4fc7}.Debug|Any CPU.Build.0 = Debug|Any CPU
	EndGlobalSection
	GlobalSection(SolutionProperties) = preSolution
		HideSolutionNode = FALSE
	EndGlobalSection
EndGlobal
